{
  "version": 4,
  "terraform_version": "1.14.1",
  "serial": 93,
  "lineage": "28cb10b2-26b3-f511-a505-22061ee1b4c5",
  "outputs": {
    "datadog_dashboard_url": {
      "value": "https://app.us5.datadoghq.com",
      "type": "string"
    },
    "datadog_namespace": {
      "value": "datadog",
      "type": "string"
    }
  },
  "resources": [
    {
      "module": "module.logging",
      "mode": "managed",
      "type": "kubernetes_cluster_role",
      "name": "datadog",
      "provider": "provider[\"registry.terraform.io/hashicorp/kubernetes\"]",
      "instances": [
        {
          "schema_version": 0,
          "attributes": {
            "aggregation_rule": [],
            "id": "datadog-agent",
            "metadata": [
              {
                "annotations": {},
                "generate_name": "",
                "generation": 0,
                "labels": {},
                "name": "datadog-agent",
                "resource_version": "29673",
                "uid": "8067460a-f8c4-44b5-983e-dc806641dc3f"
              }
            ],
            "rule": [
              {
                "api_groups": [""],
                "non_resource_urls": [],
                "resource_names": [],
                "resources": ["nodes", "namespaces", "events", "services"],
                "verbs": ["get", "list", "watch"]
              },
              {
                "api_groups": [""],
                "non_resource_urls": [],
                "resource_names": [],
                "resources": ["pods"],
                "verbs": ["get", "list", "watch"]
              },
              {
                "api_groups": ["apps"],
                "non_resource_urls": [],
                "resource_names": [],
                "resources": [
                  "deployments",
                  "replicasets",
                  "daemonsets",
                  "statefulsets"
                ],
                "verbs": ["get", "list", "watch"]
              },
              {
                "api_groups": ["batch"],
                "non_resource_urls": [],
                "resource_names": [],
                "resources": ["jobs", "cronjobs"],
                "verbs": ["get", "list", "watch"]
              }
            ]
          },
          "sensitive_attributes": [],
          "identity_schema_version": 1,
          "identity": {
            "api_version": "rbac.authorization.k8s.io/v1",
            "kind": "ClusterRole",
            "name": "datadog-agent"
          },
          "private": "bnVsbA=="
        }
      ]
    },
    {
      "module": "module.logging",
      "mode": "managed",
      "type": "kubernetes_cluster_role_binding",
      "name": "datadog",
      "provider": "provider[\"registry.terraform.io/hashicorp/kubernetes\"]",
      "instances": [
        {
          "schema_version": 0,
          "attributes": {
            "id": "datadog-agent",
            "metadata": [
              {
                "annotations": {},
                "generate_name": "",
                "generation": 0,
                "labels": {},
                "name": "datadog-agent",
                "resource_version": "28279",
                "uid": "095f5ad0-0297-4844-a9a5-2471a3339d11"
              }
            ],
            "role_ref": [
              {
                "api_group": "rbac.authorization.k8s.io",
                "kind": "ClusterRole",
                "name": "datadog-agent"
              }
            ],
            "subject": [
              {
                "api_group": "",
                "kind": "ServiceAccount",
                "name": "datadog-agent",
                "namespace": "datadog"
              }
            ]
          },
          "sensitive_attributes": [],
          "identity_schema_version": 1,
          "identity": {
            "api_version": "rbac.authorization.k8s.io/v1",
            "kind": "ClusterRoleBinding",
            "name": "datadog-agent"
          },
          "private": "bnVsbA==",
          "dependencies": [
            "module.logging.kubernetes_cluster_role.datadog",
            "module.logging.kubernetes_namespace.datadog",
            "module.logging.kubernetes_service_account.datadog"
          ]
        }
      ]
    },
    {
      "module": "module.logging",
      "mode": "managed",
      "type": "kubernetes_config_map",
      "name": "datadog",
      "provider": "provider[\"registry.terraform.io/hashicorp/kubernetes\"]",
      "instances": [
        {
          "schema_version": 0,
          "attributes": {
            "binary_data": {},
            "data": {
              "datadog.yaml": "api_key: 906ef3687e03b5104ce515023a8c3b22\r\nsite: us5.datadoghq.com\r\n      \r\nlogs_enabled: true\r\nlogs_config:\r\n  container_collect_all: true\r\n        \r\ncluster_name: local-k8s\r\n      \r\napm_config:\r\n  enabled: true\r\n        \r\nprocess_config:\r\n  enabled: \"true\"\r\n"
            },
            "id": "datadog/datadog-agent-config",
            "immutable": false,
            "metadata": [
              {
                "annotations": {},
                "generate_name": "",
                "generation": 0,
                "labels": {},
                "name": "datadog-agent-config",
                "namespace": "datadog",
                "resource_version": "29986",
                "uid": "d89f8c21-33b0-4eae-8d52-b82b0d6da987"
              }
            ]
          },
          "sensitive_attributes": [
            [
              {
                "type": "get_attr",
                "value": "data"
              },
              {
                "type": "index",
                "value": {
                  "value": "datadog.yaml",
                  "type": "string"
                }
              }
            ]
          ],
          "identity_schema_version": 1,
          "identity": {
            "api_version": "v1",
            "kind": "ConfigMap",
            "name": "datadog-agent-config",
            "namespace": "datadog"
          },
          "private": "bnVsbA==",
          "dependencies": ["module.logging.kubernetes_namespace.datadog"]
        }
      ]
    },
    {
      "module": "module.logging",
      "mode": "managed",
      "type": "kubernetes_daemonset",
      "name": "datadog",
      "provider": "provider[\"registry.terraform.io/hashicorp/kubernetes\"]",
      "instances": [
        {
          "schema_version": 1,
          "attributes": {
            "id": "datadog/datadog-agent",
            "metadata": [
              {
                "annotations": {},
                "generate_name": "",
                "generation": 10,
                "labels": {
                  "app": "datadog-agent"
                },
                "name": "datadog-agent",
                "namespace": "datadog",
                "resource_version": "33317",
                "uid": "e987a065-67b6-4954-9744-10016a8eefc3"
              }
            ],
            "spec": [
              {
                "min_ready_seconds": 0,
                "revision_history_limit": 10,
                "selector": [
                  {
                    "match_expressions": [],
                    "match_labels": {
                      "app": "datadog-agent"
                    }
                  }
                ],
                "strategy": [
                  {
                    "rolling_update": [
                      {
                        "max_surge": "0",
                        "max_unavailable": "1"
                      }
                    ],
                    "type": "RollingUpdate"
                  }
                ],
                "template": [
                  {
                    "metadata": [
                      {
                        "annotations": {},
                        "generate_name": "",
                        "generation": 0,
                        "labels": {
                          "app": "datadog-agent"
                        },
                        "name": "",
                        "namespace": "",
                        "resource_version": "",
                        "uid": ""
                      }
                    ],
                    "spec": [
                      {
                        "active_deadline_seconds": 0,
                        "affinity": [],
                        "automount_service_account_token": true,
                        "container": [
                          {
                            "args": [],
                            "command": [],
                            "env": [
                              {
                                "name": "DD_API_KEY",
                                "value": "",
                                "value_from": [
                                  {
                                    "config_map_key_ref": [],
                                    "field_ref": [],
                                    "resource_field_ref": [],
                                    "secret_key_ref": [
                                      {
                                        "key": "api-key",
                                        "name": "datadog-secret",
                                        "optional": false
                                      }
                                    ]
                                  }
                                ]
                              },
                              {
                                "name": "DD_SITE",
                                "value": "us5.datadoghq.com",
                                "value_from": []
                              },
                              {
                                "name": "DD_LOGS_ENABLED",
                                "value": "true",
                                "value_from": []
                              },
                              {
                                "name": "DD_LOGS_CONFIG_CONTAINER_COLLECT_ALL",
                                "value": "true",
                                "value_from": []
                              },
                              {
                                "name": "DD_LOGS_CONFIG_K8S_CONTAINER_USE_FILE",
                                "value": "true",
                                "value_from": []
                              },
                              {
                                "name": "DD_LOGS_CONFIG_OPEN_FILES_LIMIT",
                                "value": "500",
                                "value_from": []
                              },
                              {
                                "name": "DD_CONTAINER_EXCLUDE",
                                "value": "name:datadog-agent",
                                "value_from": []
                              },
                              {
                                "name": "DD_CLUSTER_NAME",
                                "value": "local-k8s",
                                "value_from": []
                              },
                              {
                                "name": "DD_KUBERNETES_KUBELET_HOST",
                                "value": "",
                                "value_from": [
                                  {
                                    "config_map_key_ref": [],
                                    "field_ref": [
                                      {
                                        "api_version": "v1",
                                        "field_path": "status.hostIP"
                                      }
                                    ],
                                    "resource_field_ref": [],
                                    "secret_key_ref": []
                                  }
                                ]
                              },
                              {
                                "name": "DD_HOSTNAME",
                                "value": "",
                                "value_from": [
                                  {
                                    "config_map_key_ref": [],
                                    "field_ref": [
                                      {
                                        "api_version": "v1",
                                        "field_path": "spec.nodeName"
                                      }
                                    ],
                                    "resource_field_ref": [],
                                    "secret_key_ref": []
                                  }
                                ]
                              },
                              {
                                "name": "DD_APM_ENABLED",
                                "value": "true",
                                "value_from": []
                              },
                              {
                                "name": "DD_PROCESS_AGENT_ENABLED",
                                "value": "true",
                                "value_from": []
                              }
                            ],
                            "env_from": [],
                            "image": "gcr.io/datadoghq/agent:latest",
                            "image_pull_policy": "Always",
                            "lifecycle": [],
                            "liveness_probe": [
                              {
                                "exec": [],
                                "failure_threshold": 6,
                                "grpc": [],
                                "http_get": [
                                  {
                                    "host": "",
                                    "http_header": [],
                                    "path": "/health",
                                    "port": "5555",
                                    "scheme": "HTTP"
                                  }
                                ],
                                "initial_delay_seconds": 60,
                                "period_seconds": 30,
                                "success_threshold": 1,
                                "tcp_socket": [],
                                "timeout_seconds": 10
                              }
                            ],
                            "name": "datadog-agent",
                            "port": [],
                            "readiness_probe": [],
                            "resources": [
                              {
                                "limits": {
                                  "cpu": "500m",
                                  "memory": "512Mi"
                                },
                                "requests": {
                                  "cpu": "200m",
                                  "memory": "256Mi"
                                }
                              }
                            ],
                            "security_context": [],
                            "startup_probe": [],
                            "stdin": false,
                            "stdin_once": false,
                            "termination_message_path": "/dev/termination-log",
                            "termination_message_policy": "File",
                            "tty": false,
                            "volume_device": [],
                            "volume_mount": [
                              {
                                "mount_path": "/opt/datadog-agent/run",
                                "mount_propagation": "None",
                                "name": "pointerdir",
                                "read_only": false,
                                "sub_path": "",
                                "sub_path_expr": ""
                              },
                              {
                                "mount_path": "/var/log/pods",
                                "mount_propagation": "None",
                                "name": "logpodpath",
                                "read_only": true,
                                "sub_path": "",
                                "sub_path_expr": ""
                              },
                              {
                                "mount_path": "/var/log/containers",
                                "mount_propagation": "None",
                                "name": "logcontainerpath",
                                "read_only": true,
                                "sub_path": "",
                                "sub_path_expr": ""
                              },
                              {
                                "mount_path": "/host/proc",
                                "mount_propagation": "None",
                                "name": "procdir",
                                "read_only": true,
                                "sub_path": "",
                                "sub_path_expr": ""
                              }
                            ],
                            "working_dir": ""
                          }
                        ],
                        "dns_config": [],
                        "dns_policy": "ClusterFirst",
                        "enable_service_links": true,
                        "host_aliases": [],
                        "host_ipc": false,
                        "host_network": false,
                        "host_pid": false,
                        "hostname": "",
                        "image_pull_secrets": [],
                        "init_container": [],
                        "node_name": "",
                        "node_selector": {},
                        "os": [],
                        "priority_class_name": "",
                        "readiness_gate": [],
                        "restart_policy": "Always",
                        "runtime_class_name": "",
                        "scheduler_name": "default-scheduler",
                        "security_context": [],
                        "service_account_name": "datadog-agent",
                        "share_process_namespace": false,
                        "subdomain": "",
                        "termination_grace_period_seconds": 30,
                        "toleration": [],
                        "topology_spread_constraint": [],
                        "volume": [
                          {
                            "aws_elastic_block_store": [],
                            "azure_disk": [],
                            "azure_file": [],
                            "ceph_fs": [],
                            "cinder": [],
                            "config_map": [],
                            "csi": [],
                            "downward_api": [],
                            "empty_dir": [],
                            "ephemeral": [],
                            "fc": [],
                            "flex_volume": [],
                            "flocker": [],
                            "gce_persistent_disk": [],
                            "git_repo": [],
                            "glusterfs": [],
                            "host_path": [
                              {
                                "path": "/var/lib/datadog-agent/logs",
                                "type": ""
                              }
                            ],
                            "iscsi": [],
                            "local": [],
                            "name": "pointerdir",
                            "nfs": [],
                            "persistent_volume_claim": [],
                            "photon_persistent_disk": [],
                            "projected": [],
                            "quobyte": [],
                            "rbd": [],
                            "secret": [],
                            "vsphere_volume": []
                          },
                          {
                            "aws_elastic_block_store": [],
                            "azure_disk": [],
                            "azure_file": [],
                            "ceph_fs": [],
                            "cinder": [],
                            "config_map": [],
                            "csi": [],
                            "downward_api": [],
                            "empty_dir": [],
                            "ephemeral": [],
                            "fc": [],
                            "flex_volume": [],
                            "flocker": [],
                            "gce_persistent_disk": [],
                            "git_repo": [],
                            "glusterfs": [],
                            "host_path": [
                              {
                                "path": "/var/log/pods",
                                "type": ""
                              }
                            ],
                            "iscsi": [],
                            "local": [],
                            "name": "logpodpath",
                            "nfs": [],
                            "persistent_volume_claim": [],
                            "photon_persistent_disk": [],
                            "projected": [],
                            "quobyte": [],
                            "rbd": [],
                            "secret": [],
                            "vsphere_volume": []
                          },
                          {
                            "aws_elastic_block_store": [],
                            "azure_disk": [],
                            "azure_file": [],
                            "ceph_fs": [],
                            "cinder": [],
                            "config_map": [],
                            "csi": [],
                            "downward_api": [],
                            "empty_dir": [],
                            "ephemeral": [],
                            "fc": [],
                            "flex_volume": [],
                            "flocker": [],
                            "gce_persistent_disk": [],
                            "git_repo": [],
                            "glusterfs": [],
                            "host_path": [
                              {
                                "path": "/var/log/containers",
                                "type": ""
                              }
                            ],
                            "iscsi": [],
                            "local": [],
                            "name": "logcontainerpath",
                            "nfs": [],
                            "persistent_volume_claim": [],
                            "photon_persistent_disk": [],
                            "projected": [],
                            "quobyte": [],
                            "rbd": [],
                            "secret": [],
                            "vsphere_volume": []
                          },
                          {
                            "aws_elastic_block_store": [],
                            "azure_disk": [],
                            "azure_file": [],
                            "ceph_fs": [],
                            "cinder": [],
                            "config_map": [],
                            "csi": [],
                            "downward_api": [],
                            "empty_dir": [],
                            "ephemeral": [],
                            "fc": [],
                            "flex_volume": [],
                            "flocker": [],
                            "gce_persistent_disk": [],
                            "git_repo": [],
                            "glusterfs": [],
                            "host_path": [
                              {
                                "path": "/proc",
                                "type": ""
                              }
                            ],
                            "iscsi": [],
                            "local": [],
                            "name": "procdir",
                            "nfs": [],
                            "persistent_volume_claim": [],
                            "photon_persistent_disk": [],
                            "projected": [],
                            "quobyte": [],
                            "rbd": [],
                            "secret": [],
                            "vsphere_volume": []
                          }
                        ]
                      }
                    ]
                  }
                ]
              }
            ],
            "timeouts": null,
            "wait_for_rollout": true
          },
          "sensitive_attributes": [],
          "identity_schema_version": 1,
          "identity": {
            "api_version": "apps/v1",
            "kind": "DaemonSet",
            "name": "datadog-agent",
            "namespace": "datadog"
          },
          "private": "eyJlMmJmYjczMC1lY2FhLTExZTYtOGY4OC0zNDM2M2JjN2M0YzAiOnsiY3JlYXRlIjo2MDAwMDAwMDAwMDAsImRlbGV0ZSI6NjAwMDAwMDAwMDAwLCJ1cGRhdGUiOjYwMDAwMDAwMDAwMH0sInNjaGVtYV92ZXJzaW9uIjoiMSJ9",
          "dependencies": [
            "module.logging.kubernetes_namespace.datadog",
            "module.logging.kubernetes_secret.datadog",
            "module.logging.kubernetes_service_account.datadog"
          ]
        }
      ]
    },
    {
      "module": "module.logging",
      "mode": "managed",
      "type": "kubernetes_namespace",
      "name": "datadog",
      "provider": "provider[\"registry.terraform.io/hashicorp/kubernetes\"]",
      "instances": [
        {
          "schema_version": 0,
          "attributes": {
            "id": "datadog",
            "metadata": [
              {
                "annotations": {},
                "generate_name": "",
                "generation": 0,
                "labels": {},
                "name": "datadog",
                "resource_version": "25507",
                "uid": "a7befe74-1d44-4eaf-947a-d1e683b372e9"
              }
            ],
            "timeouts": null,
            "wait_for_default_service_account": false
          },
          "sensitive_attributes": [],
          "identity_schema_version": 1,
          "identity": {
            "api_version": "v1",
            "kind": "Namespace",
            "name": "datadog"
          },
          "private": "eyJlMmJmYjczMC1lY2FhLTExZTYtOGY4OC0zNDM2M2JjN2M0YzAiOnsiZGVsZXRlIjozMDAwMDAwMDAwMDB9fQ=="
        }
      ]
    },
    {
      "module": "module.logging",
      "mode": "managed",
      "type": "kubernetes_secret",
      "name": "datadog",
      "provider": "provider[\"registry.terraform.io/hashicorp/kubernetes\"]",
      "instances": [
        {
          "schema_version": 0,
          "attributes": {
            "binary_data": null,
            "binary_data_wo": null,
            "binary_data_wo_revision": null,
            "data": {
              "api-key": "906ef3687e03b5104ce515023a8c3b22",
              "app-key": "d2e8fe92b16eb63c8bf0eb555bbbc375e7009bac"
            },
            "data_wo": null,
            "data_wo_revision": null,
            "id": "datadog/datadog-secret",
            "immutable": false,
            "metadata": [
              {
                "annotations": {},
                "generate_name": "",
                "generation": 0,
                "labels": {},
                "name": "datadog-secret",
                "namespace": "datadog",
                "resource_version": "25513",
                "uid": "24c500c2-ca2a-4379-9316-70d7bda42e63"
              }
            ],
            "timeouts": null,
            "type": "Opaque",
            "wait_for_service_account_token": true
          },
          "sensitive_attributes": [
            [
              {
                "type": "get_attr",
                "value": "binary_data"
              }
            ],
            [
              {
                "type": "get_attr",
                "value": "data"
              }
            ],
            [
              {
                "type": "get_attr",
                "value": "data"
              },
              {
                "type": "index",
                "value": {
                  "value": "api-key",
                  "type": "string"
                }
              }
            ],
            [
              {
                "type": "get_attr",
                "value": "data"
              },
              {
                "type": "index",
                "value": {
                  "value": "app-key",
                  "type": "string"
                }
              }
            ]
          ],
          "identity_schema_version": 1,
          "identity": {
            "api_version": "v1",
            "kind": "Secret",
            "name": "datadog-secret",
            "namespace": "datadog"
          },
          "private": "eyJlMmJmYjczMC1lY2FhLTExZTYtOGY4OC0zNDM2M2JjN2M0YzAiOnsiY3JlYXRlIjo2MDAwMDAwMDAwMH19",
          "dependencies": ["module.logging.kubernetes_namespace.datadog"]
        }
      ]
    },
    {
      "module": "module.logging",
      "mode": "managed",
      "type": "kubernetes_service_account",
      "name": "datadog",
      "provider": "provider[\"registry.terraform.io/hashicorp/kubernetes\"]",
      "instances": [
        {
          "schema_version": 0,
          "attributes": {
            "automount_service_account_token": true,
            "default_secret_name": "",
            "id": "datadog/datadog-agent",
            "image_pull_secret": [],
            "metadata": [
              {
                "annotations": {},
                "generate_name": "",
                "generation": 0,
                "labels": {},
                "name": "datadog-agent",
                "namespace": "datadog",
                "resource_version": "28281",
                "uid": "f25974f7-7c63-48b4-81fa-cfa91b27b7fc"
              }
            ],
            "secret": [],
            "timeouts": null
          },
          "sensitive_attributes": [],
          "identity_schema_version": 1,
          "identity": {
            "api_version": "v1",
            "kind": "ServiceAccount",
            "name": "datadog-agent",
            "namespace": "datadog"
          },
          "private": "eyJlMmJmYjczMC1lY2FhLTExZTYtOGY4OC0zNDM2M2JjN2M0YzAiOnsiY3JlYXRlIjozMDAwMDAwMDAwMH19",
          "dependencies": ["module.logging.kubernetes_namespace.datadog"]
        }
      ]
    }
  ],
  "check_results": null
}
